
Microsoft Visual Studio Solution File, Format Version 12.00
# Visual Studio Version 17
VisualStudioVersion = 17.5.33516.290
MinimumVisualStudioVersion = 10.0.40219.1
Project("{8BC9CEB8-8B4A-11D0-8D11-00A0C91BC942}") = "01_10_01_CALC", "HelloWorld\HelloWorld.vcxproj", "{77AFD4D5-7528-456A-AEC3-D82E5AFD41ED}"
EndProject
Project("{8BC9CEB8-8B4A-11D0-8D11-00A0C91BC942}") = "02_11_01_CALC", "2_11_01_CALC\2_11_01_CALC.vcxproj", "{2106D95B-94EF-43FF-AB46-0DC38D12E244}"
EndProject
Project("{8BC9CEB8-8B4A-11D0-8D11-00A0C91BC942}") = "03_03_Arrays_and_Loops", "3_3_Arrays_and_Loops\3_3_Arrays_and_Loops.vcxproj", "{F8700B27-18D6-4AAA-9B3A-77ED28F142A9}"
EndProject
Project("{8BC9CEB8-8B4A-11D0-8D11-00A0C91BC942}") = "03_07_01_Pointers_and_References", "Poinnters_and_References\Poinnters_and_References.vcxproj", "{05998129-E15F-4AAF-90D6-99D32D7265A3}"
EndProject
Project("{8BC9CEB8-8B4A-11D0-8D11-00A0C91BC942}") = "CYRSTR_TEST", "CYRSTR_TEST\CYRSTR_TEST.vcxproj", "{BC04922E-D915-472B-AB12-AD55F990A9EF}"
EndProject
Project("{8BC9CEB8-8B4A-11D0-8D11-00A0C91BC942}") = "04_09_Function_Pointers", "04_09_Function_Pointers\04_09_Function_Pointers.vcxproj", "{A5AC632D-FE19-4E0B-84A4-5732D75A4FD6}"
EndProject
Project("{8BC9CEB8-8B4A-11D0-8D11-00A0C91BC942}") = "04_10_CALC", "04_10_CALC\04_10_CALC.vcxproj", "{D109BD89-CDCC-4B39-BA1D-0F6356A13D7A}"
EndProject
Project("{8BC9CEB8-8B4A-11D0-8D11-00A0C91BC942}") = "05_02_01_STRUCT", "05_02_01_STRUCT\05_02_01_STRUCT.vcxproj", "{67ED98DC-658D-4380-95DA-F1DC92903134}"
EndProject
Project("{8BC9CEB8-8B4A-11D0-8D11-00A0C91BC942}") = "05_02_01_STRUCT_DAY2", "05_02_01_STRUCT_DAY2\05_02_01_STRUCT_DAY2.vcxproj", "{B47112BF-1297-4B42-9E85-DBFA4EB987DA}"
EndProject
Project("{8BC9CEB8-8B4A-11D0-8D11-00A0C91BC942}") = "05_09_01_SNACKS", "05_09_01\05_09_01.vcxproj", "{C64AD044-7EBC-4877-8988-62555FD92CCF}"
EndProject
Project("{8BC9CEB8-8B4A-11D0-8D11-00A0C91BC942}") = "06_02_INHERITANCE", "06_02_INHERITANCE\06_02_INHERITANCE.vcxproj", "{712F29D2-B370-4EA9-95DE-510CAA456717}"
EndProject
Project("{8BC9CEB8-8B4A-11D0-8D11-00A0C91BC942}") = "07_02_01_Harmonic_Mean", "07_02_01_Harmonic_Mean\07_02_01_Harmonic_Mean.vcxproj", "{8EF69DBA-DEF4-4075-AB39-617BDD1B3227}"
EndProject
Global
	GlobalSection(SolutionConfigurationPlatforms) = preSolution
		Debug|x64 = Debug|x64
		Debug|x86 = Debug|x86
		Release|x64 = Release|x64
		Release|x86 = Release|x86
	EndGlobalSection
	GlobalSection(ProjectConfigurationPlatforms) = postSolution
		{77AFD4D5-7528-456A-AEC3-D82E5AFD41ED}.Debug|x64.ActiveCfg = Debug|x64
		{77AFD4D5-7528-456A-AEC3-D82E5AFD41ED}.Debug|x64.Build.0 = Debug|x64
		{77AFD4D5-7528-456A-AEC3-D82E5AFD41ED}.Debug|x86.ActiveCfg = Debug|Win32
		{77AFD4D5-7528-456A-AEC3-D82E5AFD41ED}.Debug|x86.Build.0 = Debug|Win32
		{77AFD4D5-7528-456A-AEC3-D82E5AFD41ED}.Release|x64.ActiveCfg = Release|x64
		{77AFD4D5-7528-456A-AEC3-D82E5AFD41ED}.Release|x64.Build.0 = Release|x64
		{77AFD4D5-7528-456A-AEC3-D82E5AFD41ED}.Release|x86.ActiveCfg = Release|Win32
		{77AFD4D5-7528-456A-AEC3-D82E5AFD41ED}.Release|x86.Build.0 = Release|Win32
		{2106D95B-94EF-43FF-AB46-0DC38D12E244}.Debug|x64.ActiveCfg = Debug|x64
		{2106D95B-94EF-43FF-AB46-0DC38D12E244}.Debug|x64.Build.0 = Debug|x64
		{2106D95B-94EF-43FF-AB46-0DC38D12E244}.Debug|x86.ActiveCfg = Debug|Win32
		{2106D95B-94EF-43FF-AB46-0DC38D12E244}.Debug|x86.Build.0 = Debug|Win32
		{2106D95B-94EF-43FF-AB46-0DC38D12E244}.Release|x64.ActiveCfg = Release|x64
		{2106D95B-94EF-43FF-AB46-0DC38D12E244}.Release|x64.Build.0 = Release|x64
		{2106D95B-94EF-43FF-AB46-0DC38D12E244}.Release|x86.ActiveCfg = Release|Win32
		{2106D95B-94EF-43FF-AB46-0DC38D12E244}.Release|x86.Build.0 = Release|Win32
		{F8700B27-18D6-4AAA-9B3A-77ED28F142A9}.Debug|x64.ActiveCfg = Debug|x64
		{F8700B27-18D6-4AAA-9B3A-77ED28F142A9}.Debug|x64.Build.0 = Debug|x64
		{F8700B27-18D6-4AAA-9B3A-77ED28F142A9}.Debug|x86.ActiveCfg = Debug|Win32
		{F8700B27-18D6-4AAA-9B3A-77ED28F142A9}.Debug|x86.Build.0 = Debug|Win32
		{F8700B27-18D6-4AAA-9B3A-77ED28F142A9}.Release|x64.ActiveCfg = Release|x64
		{F8700B27-18D6-4AAA-9B3A-77ED28F142A9}.Release|x64.Build.0 = Release|x64
		{F8700B27-18D6-4AAA-9B3A-77ED28F142A9}.Release|x86.ActiveCfg = Release|Win32
		{F8700B27-18D6-4AAA-9B3A-77ED28F142A9}.Release|x86.Build.0 = Release|Win32
		{05998129-E15F-4AAF-90D6-99D32D7265A3}.Debug|x64.ActiveCfg = Debug|x64
		{05998129-E15F-4AAF-90D6-99D32D7265A3}.Debug|x64.Build.0 = Debug|x64
		{05998129-E15F-4AAF-90D6-99D32D7265A3}.Debug|x86.ActiveCfg = Debug|Win32
		{05998129-E15F-4AAF-90D6-99D32D7265A3}.Debug|x86.Build.0 = Debug|Win32
		{05998129-E15F-4AAF-90D6-99D32D7265A3}.Release|x64.ActiveCfg = Release|x64
		{05998129-E15F-4AAF-90D6-99D32D7265A3}.Release|x64.Build.0 = Release|x64
		{05998129-E15F-4AAF-90D6-99D32D7265A3}.Release|x86.ActiveCfg = Release|Win32
		{05998129-E15F-4AAF-90D6-99D32D7265A3}.Release|x86.Build.0 = Release|Win32
		{BC04922E-D915-472B-AB12-AD55F990A9EF}.Debug|x64.ActiveCfg = Debug|x64
		{BC04922E-D915-472B-AB12-AD55F990A9EF}.Debug|x64.Build.0 = Debug|x64
		{BC04922E-D915-472B-AB12-AD55F990A9EF}.Debug|x86.ActiveCfg = Debug|Win32
		{BC04922E-D915-472B-AB12-AD55F990A9EF}.Debug|x86.Build.0 = Debug|Win32
		{BC04922E-D915-472B-AB12-AD55F990A9EF}.Release|x64.ActiveCfg = Release|x64
		{BC04922E-D915-472B-AB12-AD55F990A9EF}.Release|x64.Build.0 = Release|x64
		{BC04922E-D915-472B-AB12-AD55F990A9EF}.Release|x86.ActiveCfg = Release|Win32
		{BC04922E-D915-472B-AB12-AD55F990A9EF}.Release|x86.Build.0 = Release|Win32
		{A5AC632D-FE19-4E0B-84A4-5732D75A4FD6}.Debug|x64.ActiveCfg = Debug|x64
		{A5AC632D-FE19-4E0B-84A4-5732D75A4FD6}.Debug|x64.Build.0 = Debug|x64
		{A5AC632D-FE19-4E0B-84A4-5732D75A4FD6}.Debug|x86.ActiveCfg = Debug|Win32
		{A5AC632D-FE19-4E0B-84A4-5732D75A4FD6}.Debug|x86.Build.0 = Debug|Win32
		{A5AC632D-FE19-4E0B-84A4-5732D75A4FD6}.Release|x64.ActiveCfg = Release|x64
		{A5AC632D-FE19-4E0B-84A4-5732D75A4FD6}.Release|x64.Build.0 = Release|x64
		{A5AC632D-FE19-4E0B-84A4-5732D75A4FD6}.Release|x86.ActiveCfg = Release|Win32
		{A5AC632D-FE19-4E0B-84A4-5732D75A4FD6}.Release|x86.Build.0 = Release|Win32
		{D109BD89-CDCC-4B39-BA1D-0F6356A13D7A}.Debug|x64.ActiveCfg = Debug|x64
		{D109BD89-CDCC-4B39-BA1D-0F6356A13D7A}.Debug|x64.Build.0 = Debug|x64
		{D109BD89-CDCC-4B39-BA1D-0F6356A13D7A}.Debug|x86.ActiveCfg = Debug|Win32
		{D109BD89-CDCC-4B39-BA1D-0F6356A13D7A}.Debug|x86.Build.0 = Debug|Win32
		{D109BD89-CDCC-4B39-BA1D-0F6356A13D7A}.Release|x64.ActiveCfg = Release|x64
		{D109BD89-CDCC-4B39-BA1D-0F6356A13D7A}.Release|x64.Build.0 = Release|x64
		{D109BD89-CDCC-4B39-BA1D-0F6356A13D7A}.Release|x86.ActiveCfg = Release|Win32
		{D109BD89-CDCC-4B39-BA1D-0F6356A13D7A}.Release|x86.Build.0 = Release|Win32
		{67ED98DC-658D-4380-95DA-F1DC92903134}.Debug|x64.ActiveCfg = Debug|x64
		{67ED98DC-658D-4380-95DA-F1DC92903134}.Debug|x64.Build.0 = Debug|x64
		{67ED98DC-658D-4380-95DA-F1DC92903134}.Debug|x86.ActiveCfg = Debug|Win32
		{67ED98DC-658D-4380-95DA-F1DC92903134}.Debug|x86.Build.0 = Debug|Win32
		{67ED98DC-658D-4380-95DA-F1DC92903134}.Release|x64.ActiveCfg = Release|x64
		{67ED98DC-658D-4380-95DA-F1DC92903134}.Release|x64.Build.0 = Release|x64
		{67ED98DC-658D-4380-95DA-F1DC92903134}.Release|x86.ActiveCfg = Release|Win32
		{67ED98DC-658D-4380-95DA-F1DC92903134}.Release|x86.Build.0 = Release|Win32
		{B47112BF-1297-4B42-9E85-DBFA4EB987DA}.Debug|x64.ActiveCfg = Debug|x64
		{B47112BF-1297-4B42-9E85-DBFA4EB987DA}.Debug|x64.Build.0 = Debug|x64
		{B47112BF-1297-4B42-9E85-DBFA4EB987DA}.Debug|x86.ActiveCfg = Debug|Win32
		{B47112BF-1297-4B42-9E85-DBFA4EB987DA}.Debug|x86.Build.0 = Debug|Win32
		{B47112BF-1297-4B42-9E85-DBFA4EB987DA}.Release|x64.ActiveCfg = Release|x64
		{B47112BF-1297-4B42-9E85-DBFA4EB987DA}.Release|x64.Build.0 = Release|x64
		{B47112BF-1297-4B42-9E85-DBFA4EB987DA}.Release|x86.ActiveCfg = Release|Win32
		{B47112BF-1297-4B42-9E85-DBFA4EB987DA}.Release|x86.Build.0 = Release|Win32
		{C64AD044-7EBC-4877-8988-62555FD92CCF}.Debug|x64.ActiveCfg = Debug|x64
		{C64AD044-7EBC-4877-8988-62555FD92CCF}.Debug|x64.Build.0 = Debug|x64
		{C64AD044-7EBC-4877-8988-62555FD92CCF}.Debug|x86.ActiveCfg = Debug|Win32
		{C64AD044-7EBC-4877-8988-62555FD92CCF}.Debug|x86.Build.0 = Debug|Win32
		{C64AD044-7EBC-4877-8988-62555FD92CCF}.Release|x64.ActiveCfg = Release|x64
		{C64AD044-7EBC-4877-8988-62555FD92CCF}.Release|x64.Build.0 = Release|x64
		{C64AD044-7EBC-4877-8988-62555FD92CCF}.Release|x86.ActiveCfg = Release|Win32
		{C64AD044-7EBC-4877-8988-62555FD92CCF}.Release|x86.Build.0 = Release|Win32
		{712F29D2-B370-4EA9-95DE-510CAA456717}.Debug|x64.ActiveCfg = Debug|x64
		{712F29D2-B370-4EA9-95DE-510CAA456717}.Debug|x64.Build.0 = Debug|x64
		{712F29D2-B370-4EA9-95DE-510CAA456717}.Debug|x86.ActiveCfg = Debug|Win32
		{712F29D2-B370-4EA9-95DE-510CAA456717}.Debug|x86.Build.0 = Debug|Win32
		{712F29D2-B370-4EA9-95DE-510CAA456717}.Release|x64.ActiveCfg = Release|x64
		{712F29D2-B370-4EA9-95DE-510CAA456717}.Release|x64.Build.0 = Release|x64
		{712F29D2-B370-4EA9-95DE-510CAA456717}.Release|x86.ActiveCfg = Release|Win32
		{712F29D2-B370-4EA9-95DE-510CAA456717}.Release|x86.Build.0 = Release|Win32
		{8EF69DBA-DEF4-4075-AB39-617BDD1B3227}.Debug|x64.ActiveCfg = Debug|x64
		{8EF69DBA-DEF4-4075-AB39-617BDD1B3227}.Debug|x64.Build.0 = Debug|x64
		{8EF69DBA-DEF4-4075-AB39-617BDD1B3227}.Debug|x86.ActiveCfg = Debug|Win32
		{8EF69DBA-DEF4-4075-AB39-617BDD1B3227}.Debug|x86.Build.0 = Debug|Win32
		{8EF69DBA-DEF4-4075-AB39-617BDD1B3227}.Release|x64.ActiveCfg = Release|x64
		{8EF69DBA-DEF4-4075-AB39-617BDD1B3227}.Release|x64.Build.0 = Release|x64
		{8EF69DBA-DEF4-4075-AB39-617BDD1B3227}.Release|x86.ActiveCfg = Release|Win32
		{8EF69DBA-DEF4-4075-AB39-617BDD1B3227}.Release|x86.Build.0 = Release|Win32
	EndGlobalSection
	GlobalSection(SolutionProperties) = preSolution
		HideSolutionNode = FALSE
	EndGlobalSection
	GlobalSection(ExtensibilityGlobals) = postSolution
		SolutionGuid = {3745029B-DB24-4325-9D4F-BD821F1730EB}
	EndGlobalSection
EndGlobal
